
Microsoft Visual Studio Solution File, Format Version 12.00
Project("{FAE04EC0-301F-11D3-BF4B-00C04F79EFBC}") = "Learning", "Learning\Learning.csproj", "{EC193C1F-8912-414F-8DF0-569A1016C75F}"
EndProject
Global
	GlobalSection(SolutionConfigurationPlatforms) = preSolution
		Debug|Any CPU = Debug|Any CPU
		Release|Any CPU = Release|Any CPU
	EndGlobalSection
	GlobalSection(ProjectConfigurationPlatforms) = postSolution
		{EC193C1F-8912-414F-8DF0-569A1016C75F}.Debug|Any CPU.ActiveCfg = Debug|Any CPU
		{EC193C1F-8912-414F-8DF0-569A1016C75F}.Debug|Any CPU.Build.0 = Debug|Any CPU
		{EC193C1F-8912-414F-8DF0-569A1016C75F}.Release|Any CPU.ActiveCfg = Release|Any CPU
		{EC193C1F-8912-414F-8DF0-569A1016C75F}.Release|Any CPU.Build.0 = Release|Any CPU
	EndGlobalSection
EndGlobal
